{
    "version": "0.5",
    "requires": [
        "tl-function-ref/1.0.0#8efcfa342c5169b3c260a290257d7eee%1685725656.215",
        "scope-lite/0.2.0#3d661c43163ac4ebc53ec5e3f9e77490%1661467774.415",
        "ring-span-lite/0.7.0#73c13ef86652f52ad6b52048b15af784%1716299614.015",
        "prebuilt-picolibc/14.2#197a708367ee7d3b9e9057bf9bd0eaa2%1747924705.981",
        "libhal-util/5.8.1#dca6ef7baf4f47bcc0eba9baf3c7dbf1%1761614359.953",
        "libhal-mock/4.0.0#e2a2cc593adc03806c6a8b80c5a89638%1715616381.717",
        "libhal-exceptions/1.5.0#5e72e396cbd871411ac3def36522350d%1756855565.289",
        "libhal-arm-mcu/1.19.1#ae2156dc7626abfba331a61b3cfcc940%1762439331.637",
        "libhal-actuator/1.2.3#c9604e30af20eb688d32b6a6440ad6ea%1761181221.054",
        "libhal/4.18.1#8d15efecea9aadb357c23770627b0341%1761511486.387",
        "boost-ext-ut/2.1.0#aec3873a3273d96f85093971c6c8b206%1749912871.352",
        "boost-ext-ut/1.1.9#09b31ef61352d71b2a4374caa826d485%1749912876.292"
    ],
    "build_requires": [
        "make/4.4.1#c47f1ee3241ca8bd56f97c6ca4d0a082%1703967201.413",
        "libhal-cmake-util/4.3.3#5ce59d550ca2dfc35a98c822280aa0ed%1748119871.017",
        "cmake/3.27.1#7d5f14447c023feef9f59640be53619a%1691315387.882",
        "arm-gnu-toolchain/14.2#d2e6094d38b1736e6553453c5ef3e0f8%1748977405.812"
    ],
    "python_requires": [
        "libhal-bootstrap/4.5.0#3be6ef595aec847c099257ec1250b3ec%1751767039.907",
        "libhal-bootstrap/4.3.0#bf1b8f851221d7b59695e4267eecafe8%1748368690.981"
    ],
    "config_requires": []
}